
Microsoft Visual Studio Solution File, Format Version 12.00
# Visual Studio Version 17
VisualStudioVersion = 17.2.32516.85
MinimumVisualStudioVersion = 10.0.40219.1
Project("{FAE04EC0-301F-11D3-BF4B-00C04F79EFBC}") = "Metro", "Metro.csproj", "{AE7BDAF7-C038-44F4-8804-C8B4FCE78493}"
EndProject
Global
	GlobalSection(SolutionConfigurationPlatforms) = preSolution
		Debug|Any CPU = Debug|Any CPU
		Release|Any CPU = Release|Any CPU
	EndGlobalSection
	GlobalSection(ProjectConfigurationPlatforms) = postSolution
		{AE7BDAF7-C038-44F4-8804-C8B4FCE78493}.Debug|Any CPU.ActiveCfg = Debug|Any CPU
		{AE7BDAF7-C038-44F4-8804-C8B4FCE78493}.Debug|Any CPU.Build.0 = Debug|Any CPU
		{AE7BDAF7-C038-44F4-8804-C8B4FCE78493}.Release|Any CPU.ActiveCfg = Release|Any CPU
		{AE7BDAF7-C038-44F4-8804-C8B4FCE78493}.Release|Any CPU.Build.0 = Release|Any CPU
	EndGlobalSection
	GlobalSection(SolutionProperties) = preSolution
		HideSolutionNode = FALSE
	EndGlobalSection
	GlobalSection(ExtensibilityGlobals) = postSolution
		SolutionGuid = {65B6BD13-C703-432E-8773-32EA79604600}
	EndGlobalSection
EndGlobal
